// !$*UTF8*$!
{
	archiveVersion = 1;
	classes = {
	};
	objectVersion = 46;
	objects = {

/* Begin PBXBuildFile section */
		842E285A1A8D40D800D058CD /* AddToItemViewController.m in Sources */ = {isa = PBXBuildFile; fileRef = 842E28591A8D40D800D058CD /* AddToItemViewController.m */; };
		842E285D1A8D41D000D058CD /* ToDoListTableViewController.m in Sources */ = {isa = PBXBuildFile; fileRef = 842E285C1A8D41D000D058CD /* ToDoListTableViewController.m */; };
		842E28631A8D45DA00D058CD /* ToDoItem.m in Sources */ = {isa = PBXBuildFile; fileRef = 842E28621A8D45DA00D058CD /* ToDoItem.m */; };
		84A172891A8AB19300895FF8 /* main.m in Sources */ = {isa = PBXBuildFile; fileRef = 84A172881A8AB19300895FF8 /* main.m */; };
		84A1728C1A8AB19300895FF8 /* AppDelegate.m in Sources */ = {isa = PBXBuildFile; fileRef = 84A1728B1A8AB19300895FF8 /* AppDelegate.m */; };
		84A172921A8AB19300895FF8 /* Main.storyboard in Resources */ = {isa = PBXBuildFile; fileRef = 84A172901A8AB19300895FF8 /* Main.storyboard */; };
		84A172941A8AB19300895FF8 /* Images.xcassets in Resources */ = {isa = PBXBuildFile; fileRef = 84A172931A8AB19300895FF8 /* Images.xcassets */; };
		84A172971A8AB19300895FF8 /* LaunchScreen.xib in Resources */ = {isa = PBXBuildFile; fileRef = 84A172951A8AB19300895FF8 /* LaunchScreen.xib */; };
		84A172A31A8AB19300895FF8 /* TodolistTests.m in Sources */ = {isa = PBXBuildFile; fileRef = 84A172A21A8AB19300895FF8 /* TodolistTests.m */; };
/* End PBXBuildFile section */

/* Begin PBXContainerItemProxy section */
		84A1729D1A8AB19300895FF8 /* PBXContainerItemProxy */ = {
			isa = PBXContainerItemProxy;
			containerPortal = 84A1727B1A8AB19300895FF8 /* Project object */;
			proxyType = 1;
			remoteGlobalIDString = 84A172821A8AB19300895FF8;
			remoteInfo = Todolist;
		};
/* End PBXContainerItemProxy section */

/* Begin PBXFileReference section */
		842E28581A8D40D800D058CD /* AddToItemViewController.h */ = {isa = PBXFileReference; fileEncoding = 4; lastKnownFileType = sourcecode.c.h; path = AddToItemViewController.h; sourceTree = "<group>"; };
		842E28591A8D40D800D058CD /* AddToItemViewController.m */ = {isa = PBXFileReference; fileEncoding = 4; lastKnownFileType = sourcecode.c.objc; path = AddToItemViewController.m; sourceTree = "<group>"; };
		842E285B1A8D41D000D058CD /* ToDoListTableViewController.h */ = {isa = PBXFileReference; fileEncoding = 4; lastKnownFileType = sourcecode.c.h; path = ToDoListTableViewController.h; sourceTree = "<group>"; };
		842E285C1A8D41D000D058CD /* ToDoListTableViewController.m */ = {isa = PBXFileReference; fileEncoding = 4; lastKnownFileType = sourcecode.c.objc; path = ToDoListTableViewController.m; sourceTree = "<group>"; };
		842E28611A8D45DA00D058CD /* ToDoItem.h */ = {isa = PBXFileReference; fileEncoding = 4; lastKnownFileType = sourcecode.c.h; path = ToDoItem.h; sourceTree = "<group>"; };
		842E28621A8D45DA00D058CD /* ToDoItem.m */ = {isa = PBXFileReference; fileEncoding = 4; lastKnownFileType = sourcecode.c.objc; path = ToDoItem.m; sourceTree = "<group>"; };
		84A172831A8AB19300895FF8 /* Todolist.app */ = {isa = PBXFileReference; explicitFileType = wrapper.application; includeInIndex = 0; path = Todolist.app; sourceTree = BUILT_PRODUCTS_DIR; };
		84A172871A8AB19300895FF8 /* Info.plist */ = {isa = PBXFileReference; lastKnownFileType = text.plist.xml; path = Info.plist; sourceTree = "<group>"; };
		84A172881A8AB19300895FF8 /* main.m */ = {isa = PBXFileReference; lastKnownFileType = sourcecode.c.objc; path = main.m; sourceTree = "<group>"; };
		84A1728A1A8AB19300895FF8 /* AppDelegate.h */ = {isa = PBXFileReference; lastKnownFileType = sourcecode.c.h; path = AppDelegate.h; sourceTree = "<group>"; };
		84A1728B1A8AB19300895FF8 /* AppDelegate.m */ = {isa = PBXFileReference; lastKnownFileType = sourcecode.c.objc; path = AppDelegate.m; sourceTree = "<group>"; };
		84A172911A8AB19300895FF8 /* Base */ = {isa = PBXFileReference; lastKnownFileType = file.storyboard; name = Base; path = Base.lproj/Main.storyboard; sourceTree = "<group>"; };
		84A172931A8AB19300895FF8 /* Images.xcassets */ = {isa = PBXFileReference; lastKnownFileType = folder.assetcatalog; path = Images.xcassets; sourceTree = "<group>"; };
		84A172961A8AB19300895FF8 /* Base */ = {isa = PBXFileReference; lastKnownFileType = file.xib; name = Base; path = Base.lproj/LaunchScreen.xib; sourceTree = "<group>"; };
		84A1729C1A8AB19300895FF8 /* TodolistTests.xctest */ = {isa = PBXFileReference; explicitFileType = wrapper.cfbundle; includeInIndex = 0; path = TodolistTests.xctest; sourceTree = BUILT_PRODUCTS_DIR; };
		84A172A11A8AB19300895FF8 /* Info.plist */ = {isa = PBXFileReference; lastKnownFileType = text.plist.xml; path = Info.plist; sourceTree = "<group>"; };
		84A172A21A8AB19300895FF8 /* TodolistTests.m */ = {isa = PBXFileReference; lastKnownFileType = sourcecode.c.objc; path = TodolistTests.m; sourceTree = "<group>"; };
/* End PBXFileReference section */

/* Begin PBXFrameworksBuildPhase section */
		84A172801A8AB19300895FF8 /* Frameworks */ = {
			isa = PBXFrameworksBuildPhase;
			buildActionMask = 2147483647;
			files = (
			);
			runOnlyForDeploymentPostprocessing = 0;
		};
		84A172991A8AB19300895FF8 /* Frameworks */ = {
			isa = PBXFrameworksBuildPhase;
			buildActionMask = 2147483647;
			files = (
			);
			runOnlyForDeploymentPostprocessing = 0;
		};
/* End PBXFrameworksBuildPhase section */

/* Begin PBXGroup section */
		84A1727A1A8AB19300895FF8 = {
			isa = PBXGroup;
			children = (
				84A172851A8AB19300895FF8 /* Todolist */,
				84A1729F1A8AB19300895FF8 /* TodolistTests */,
				84A172841A8AB19300895FF8 /* Products */,
			);
			sourceTree = "<group>";
		};
		84A172841A8AB19300895FF8 /* Products */ = {
			isa = PBXGroup;
			children = (
				84A172831A8AB19300895FF8 /* Todolist.app */,
				84A1729C1A8AB19300895FF8 /* TodolistTests.xctest */,
			);
			name = Products;
			sourceTree = "<group>";
		};
		84A172851A8AB19300895FF8 /* Todolist */ = {
			isa = PBXGroup;
			children = (
				842E28611A8D45DA00D058CD /* ToDoItem.h */,
				842E28621A8D45DA00D058CD /* ToDoItem.m */,
				842E285B1A8D41D000D058CD /* ToDoListTableViewController.h */,
				842E285C1A8D41D000D058CD /* ToDoListTableViewController.m */,
				842E28581A8D40D800D058CD /* AddToItemViewController.h */,
				842E28591A8D40D800D058CD /* AddToItemViewController.m */,
				84A1728A1A8AB19300895FF8 /* AppDelegate.h */,
				84A1728B1A8AB19300895FF8 /* AppDelegate.m */,
				84A172901A8AB19300895FF8 /* Main.storyboard */,
				84A172931A8AB19300895FF8 /* Images.xcassets */,
				84A172951A8AB19300895FF8 /* LaunchScreen.xib */,
				84A172861A8AB19300895FF8 /* Supporting Files */,
			);
			path = Todolist;
			sourceTree = "<group>";
		};
		84A172861A8AB19300895FF8 /* Supporting Files */ = {
			isa = PBXGroup;
			children = (
				84A172871A8AB19300895FF8 /* Info.plist */,
				84A172881A8AB19300895FF8 /* main.m */,
			);
			name = "Supporting Files";
			sourceTree = "<group>";
		};
		84A1729F1A8AB19300895FF8 /* TodolistTests */ = {
			isa = PBXGroup;
			children = (
				84A172A21A8AB19300895FF8 /* TodolistTests.m */,
				84A172A01A8AB19300895FF8 /* Supporting Files */,
			);
			path = TodolistTests;
			sourceTree = "<group>";
		};
		84A172A01A8AB19300895FF8 /* Supporting Files */ = {
			isa = PBXGroup;
			children = (
				84A172A11A8AB19300895FF8 /* Info.plist */,
			);
			name = "Supporting Files";
			sourceTree = "<group>";
		};
/* End PBXGroup section */

/* Begin PBXNativeTarget section */
		84A172821A8AB19300895FF8 /* Todolist */ = {
			isa = PBXNativeTarget;
			buildConfigurationList = 84A172A61A8AB19300895FF8 /* Build configuration list for PBXNativeTarget "Todolist" */;
			buildPhases = (
				84A1727F1A8AB19300895FF8 /* Sources */,
				84A172801A8AB19300895FF8 /* Frameworks */,
				84A172811A8AB19300895FF8 /* Resources */,
			);
			buildRules = (
			);
			dependencies = (
			);
			name = Todolist;
			productName = Todolist;
			productReference = 84A172831A8AB19300895FF8 /* Todolist.app */;
			productType = "com.apple.product-type.application";
		};
		84A1729B1A8AB19300895FF8 /* TodolistTests */ = {
			isa = PBXNativeTarget;
			buildConfigurationList = 84A172A91A8AB19300895FF8 /* Build configuration list for PBXNativeTarget "TodolistTests" */;
			buildPhases = (
				84A172981A8AB19300895FF8 /* Sources */,
				84A172991A8AB19300895FF8 /* Frameworks */,
				84A1729A1A8AB19300895FF8 /* Resources */,
			);
			buildRules = (
			);
			dependencies = (
				84A1729E1A8AB19300895FF8 /* PBXTargetDependency */,
			);
			name = TodolistTests;
			productName = TodolistTests;
			productReference = 84A1729C1A8AB19300895FF8 /* TodolistTests.xctest */;
			productType = "com.apple.product-type.bundle.unit-test";
		};
/* End PBXNativeTarget section */

/* Begin PBXProject section */
		84A1727B1A8AB19300895FF8 /* Project object */ = {
			isa = PBXProject;
			attributes = {
				LastUpgradeCheck = 0610;
				ORGANIZATIONNAME = "Adnan Karamat";
				TargetAttributes = {
					84A172821A8AB19300895FF8 = {
						CreatedOnToolsVersion = 6.1.1;
					};
					84A1729B1A8AB19300895FF8 = {
						CreatedOnToolsVersion = 6.1.1;
						TestTargetID = 84A172821A8AB19300895FF8;
					};
				};
			};
			buildConfigurationList = 84A1727E1A8AB19300895FF8 /* Build configuration list for PBXProject "Todolist" */;
			compatibilityVersion = "Xcode 3.2";
			developmentRegion = English;
			hasScannedForEncodings = 0;
			knownRegions = (
				en,
				Base,
			);
			mainGroup = 84A1727A1A8AB19300895FF8;
			productRefGroup = 84A172841A8AB19300895FF8 /* Products */;
			projectDirPath = "";
			projectRoot = "";
			targets = (
				84A172821A8AB19300895FF8 /* Todolist */,
				84A1729B1A8AB19300895FF8 /* TodolistTests */,
			);
		};
/* End PBXProject section */

/* Begin PBXResourcesBuildPhase section */
		84A172811A8AB19300895FF8 /* Resources */ = {
			isa = PBXResourcesBuildPhase;
			buildActionMask = 2147483647;
			files = (
				84A172921A8AB19300895FF8 /* Main.storyboard in Resources */,
				84A172971A8AB19300895FF8 /* LaunchScreen.xib in Resources */,
				84A172941A8AB19300895FF8 /* Images.xcassets in Resources */,
			);
			runOnlyForDeploymentPostprocessing = 0;
		};
		84A1729A1A8AB19300895FF8 /* Resources */ = {
			isa = PBXResourcesBuildPhase;
			buildActionMask = 2147483647;
			files = (
			);
			runOnlyForDeploymentPostprocessing = 0;
		};
/* End PBXResourcesBuildPhase section */

/* Begin PBXSourcesBuildPhase section */
		84A1727F1A8AB19300895FF8 /* Sources */ = {
			isa = PBXSourcesBuildPhase;
			buildActionMask = 2147483647;
			files = (
				842E285A1A8D40D800D058CD /* AddToItemViewController.m in Sources */,
				842E28631A8D45DA00D058CD /* ToDoItem.m in Sources */,
				842E285D1A8D41D000D058CD /* ToDoListTableViewController.m in Sources */,
				84A1728C1A8AB19300895FF8 /* AppDelegate.m in Sources */,
				84A172891A8AB19300895FF8 /* main.m in Sources */,
			);
			runOnlyForDeploymentPostprocessing = 0;
		};
		84A172981A8AB19300895FF8 /* Sources */ = {
			isa = PBXSourcesBuildPhase;
			buildActionMask = 2147483647;
			files = (
				84A172A31A8AB19300895FF8 /* TodolistTests.m in Sources */,
			);
			runOnlyForDeploymentPostprocessing = 0;
		};
/* End PBXSourcesBuildPhase section */

/* Begin PBXTargetDependency section */
		84A1729E1A8AB19300895FF8 /* PBXTargetDependency */ = {
			isa = PBXTargetDependency;
			target = 84A172821A8AB19300895FF8 /* Todolist */;
			targetProxy = 84A1729D1A8AB19300895FF8 /* PBXContainerItemProxy */;
		};
/* End PBXTargetDependency section */

/* Begin PBXVariantGroup section */
		84A172901A8AB19300895FF8 /* Main.storyboard */ = {
			isa = PBXVariantGroup;
			children = (
				84A172911A8AB19300895FF8 /* Base */,
			);
			name = Main.storyboard;
			sourceTree = "<group>";
		};
		84A172951A8AB19300895FF8 /* LaunchScreen.xib */ = {
			isa = PBXVariantGroup;
			children = (
				84A172961A8AB19300895FF8 /* Base */,
			);
			name = LaunchScreen.xib;
			sourceTree = "<group>";
		};
/* End PBXVariantGroup section */

/* Begin XCBuildConfiguration section */
		84A172A41A8AB19300895FF8 /* Debug */ = {
			isa = XCBuildConfiguration;
			buildSettings = {
				ALWAYS_SEARCH_USER_PATHS = NO;
				CLANG_CXX_LANGUAGE_STANDARD = "gnu++0x";
				CLANG_CXX_LIBRARY = "libc++";
				CLANG_ENABLE_MODULES = YES;
				CLANG_ENABLE_OBJC_ARC = YES;
				CLANG_WARN_BOOL_CONVERSION = YES;
				CLANG_WARN_CONSTANT_CONVERSION = YES;
				CLANG_WARN_DIRECT_OBJC_ISA_USAGE = YES_ERROR;
				CLANG_WARN_EMPTY_BODY = YES;
				CLANG_WARN_ENUM_CONVERSION = YES;
				CLANG_WARN_INT_CONVERSION = YES;
				CLANG_WARN_OBJC_ROOT_CLASS = YES_ERROR;
				CLANG_WARN_UNREACHABLE_CODE = YES;
				CLANG_WARN__DUPLICATE_METHOD_MATCH = YES;
				"CODE_SIGN_IDENTITY[sdk=iphoneos*]" = "iPhone Developer";
				COPY_PHASE_STRIP = NO;
				ENABLE_STRICT_OBJC_MSGSEND = YES;
				GCC_C_LANGUAGE_STANDARD = gnu99;
				GCC_DYNAMIC_NO_PIC = NO;
				GCC_OPTIMIZATION_LEVEL = 0;
				GCC_PREPROCESSOR_DEFINITIONS = (
					"DEBUG=1",
					"$(inherited)",
				);
				GCC_SYMBOLS_PRIVATE_EXTERN = NO;
				GCC_WARN_64_TO_32_BIT_CONVERSION = YES;
				GCC_WARN_ABOUT_RETURN_TYPE = YES_ERROR;
				GCC_WARN_UNDECLARED_SELECTOR = YES;
				GCC_WARN_UNINITIALIZED_AUTOS = YES_AGGRESSIVE;
				GCC_WARN_UNUSED_FUNCTION = YES;
				GCC_WARN_UNUSED_VARIABLE = YES;
				IPHONEOS_DEPLOYMENT_TARGET = 8.1;
				MTL_ENABLE_DEBUG_INFO = YES;
				ONLY_ACTIVE_ARCH = YES;
				SDKROOT = iphoneos;
				TARGETED_DEVICE_FAMILY = "1,2";
			};
			name = Debug;
		};
		84A172A51A8AB19300895FF8 /* Release */ = {
			isa = XCBuildConfiguration;
			buildSettings = {
				ALWAYS_SEARCH_USER_PATHS = NO;
				CLANG_CXX_LANGUAGE_STANDARD = "gnu++0x";
				CLANG_CXX_LIBRARY = "libc++";
				CLANG_ENABLE_MODULES = YES;
				CLANG_ENABLE_OBJC_ARC = YES;
				CLANG_WARN_BOOL_CONVERSION = YES;
				CLANG_WARN_CONSTANT_CONVERSION = YES;
				CLANG_WARN_DIRECT_OBJC_ISA_USAGE = YES_ERROR;
				CLANG_WARN_EMPTY_BODY = YES;
				CLANG_WARN_ENUM_CONVERSION = YES;
				CLANG_WARN_INT_CONVERSION = YES;
				CLANG_WARN_OBJC_ROOT_CLASS = YES_ERROR;
				CLANG_WARN_UNREACHABLE_CODE = YES;
				CLANG_WARN__DUPLICATE_METHOD_MATCH = YES;
				"CODE_SIGN_IDENTITY[sdk=iphoneos*]" = "iPhone Developer";
				COPY_PHASE_STRIP = YES;
				ENABLE_NS_ASSERTIONS = NO;
				ENABLE_STRICT_OBJC_MSGSEND = YES;
				GCC_C_LANGUAGE_STANDARD = gnu99;
				GCC_WARN_64_TO_32_BIT_CONVERSION = YES;
				GCC_WARN_ABOUT_RETURN_TYPE = YES_ERROR;
				GCC_WARN_UNDECLARED_SELECTOR = YES;
				GCC_WARN_UNINITIALIZED_AUTOS = YES_AGGRESSIVE;
				GCC_WARN_UNUSED_FUNCTION = YES;
				GCC_WARN_UNUSED_VARIABLE = YES;
				IPHONEOS_DEPLOYMENT_TARGET = 8.1;
				MTL_ENABLE_DEBUG_INFO = NO;
				SDKROOT = iphoneos;
				TARGETED_DEVICE_FAMILY = "1,2";
				VALIDATE_PRODUCT = YES;
			};
			name = Release;
		};
		84A172A71A8AB19300895FF8 /* Debug */ = {
			isa = XCBuildConfiguration;
			buildSettings = {
				ASSETCATALOG_COMPILER_APPICON_NAME = AppIcon;
				INFOPLIST_FILE = Todolist/Info.plist;
				LD_RUNPATH_SEARCH_PATHS = "$(inherited) @executable_path/Frameworks";
				PRODUCT_NAME = "$(TARGET_NAME)";
				TARGETED_DEVICE_FAMILY = "1,2";
			};
			name = Debug;
		};
		84A172A81A8AB19300895FF8 /* Release */ = {
			isa = XCBuildConfiguration;
			buildSettings = {
				ASSETCATALOG_COMPILER_APPICON_NAME = AppIcon;
				INFOPLIST_FILE = Todolist/Info.plist;
				LD_RUNPATH_SEARCH_PATHS = "$(inherited) @executable_path/Frameworks";
				PRODUCT_NAME = "$(TARGET_NAME)";
				TARGETED_DEVICE_FAMILY = "1,2";
			};
			name = Release;
		};
		84A172AA1A8AB19300895FF8 /* Debug */ = {
			isa = XCBuildConfiguration;
			buildSettings = {
				BUNDLE_LOADER = "$(TEST_HOST)";
				FRAMEWORK_SEARCH_PATHS = (
					"$(SDKROOT)/Developer/Library/Frameworks",
					"$(inherited)",
				);
				GCC_PREPROCESSOR_DEFINITIONS = (
					"DEBUG=1",
					"$(inherited)",
				);
				INFOPLIST_FILE = TodolistTests/Info.plist;
				LD_RUNPATH_SEARCH_PATHS = "$(inherited) @executable_path/Frameworks @loader_path/Frameworks";
				PRODUCT_NAME = "$(TARGET_NAME)";
				TEST_HOST = "$(BUILT_PRODUCTS_DIR)/Todolist.app/Todolist";
			};
			name = Debug;
		};
		84A172AB1A8AB19300895FF8 /* Release */ = {
			isa = XCBuildConfiguration;
			buildSettings = {
				BUNDLE_LOADER = "$(TEST_HOST)";
				FRAMEWORK_SEARCH_PATHS = (
					"$(SDKROOT)/Developer/Library/Frameworks",
					"$(inherited)",
				);
				INFOPLIST_FILE = TodolistTests/Info.plist;
				LD_RUNPATH_SEARCH_PATHS = "$(inherited) @executable_path/Frameworks @loader_path/Frameworks";
				PRODUCT_NAME = "$(TARGET_NAME)";
				TEST_HOST = "$(BUILT_PRODUCTS_DIR)/Todolist.app/Todolist";
			};
			name = Release;
		};
/* End XCBuildConfiguration section */

/* Begin XCConfigurationList section */
		84A1727E1A8AB19300895FF8 /* Build configuration list for PBXProject "Todolist" */ = {
			isa = XCConfigurationList;
			buildConfigurations = (
				84A172A41A8AB19300895FF8 /* Debug */,
				84A172A51A8AB19300895FF8 /* Release */,
			);
			defaultConfigurationIsVisible = 0;
			defaultConfigurationName = Release;
		};
		84A172A61A8AB19300895FF8 /* Build configuration list for PBXNativeTarget "Todolist" */ = {
			isa = XCConfigurationList;
			buildConfigurations = (
				84A172A71A8AB19300895FF8 /* Debug */,
				84A172A81A8AB19300895FF8 /* Release */,
			);
			defaultConfigurationIsVisible = 0;
			defaultConfigurationName = Release;
		};
		84A172A91A8AB19300895FF8 /* Build configuration list for PBXNativeTarget "TodolistTests" */ = {
			isa = XCConfigurationList;
			buildConfigurations = (
				84A172AA1A8AB19300895FF8 /* Debug */,
				84A172AB1A8AB19300895FF8 /* Release */,
			);
			defaultConfigurationIsVisible = 0;
			defaultConfigurationName = Release;
		};
/* End XCConfigurationList section */
	};
	rootObject = 84A1727B1A8AB19300895FF8 /* Project object */;
}
